// !$*UTF8*$!
{
	archiveVersion = 1;
	classes = {
	};
	objectVersion = 56;
	objects = {

/* Begin PBXBuildFile section */
		611637742934B9FE000B2443 /* Puppy_ChallengeApp.swift in Sources */ = {isa = PBXBuildFile; fileRef = 611637732934B9FE000B2443 /* Puppy_ChallengeApp.swift */; };
		611637782934B9FF000B2443 /* Assets.xcassets in Resources */ = {isa = PBXBuildFile; fileRef = 611637772934B9FF000B2443 /* Assets.xcassets */; };
		6116377B2934B9FF000B2443 /* Preview Assets.xcassets in Resources */ = {isa = PBXBuildFile; fileRef = 6116377A2934B9FF000B2443 /* Preview Assets.xcassets */; };
		611637822934C744000B2443 /* ChooseAnimalView.swift in Sources */ = {isa = PBXBuildFile; fileRef = 611637812934C744000B2443 /* ChooseAnimalView.swift */; };
		611637862934C75C000B2443 /* ChooseAnimalViewModel.swift in Sources */ = {isa = PBXBuildFile; fileRef = 611637852934C75C000B2443 /* ChooseAnimalViewModel.swift */; };
		6116378B2934CA09000B2443 /* Networking in Frameworks */ = {isa = PBXBuildFile; productRef = 6116378A2934CA09000B2443 /* Networking */; };
		6116378D2934CA62000B2443 /* ServerRequest.swift in Sources */ = {isa = PBXBuildFile; fileRef = 6116378C2934CA62000B2443 /* ServerRequest.swift */; };
		6116378F2934CA6F000B2443 /* HTTPRequest.swift in Sources */ = {isa = PBXBuildFile; fileRef = 6116378E2934CA6F000B2443 /* HTTPRequest.swift */; };
		611637912934CA7B000B2443 /* URLPath.swift in Sources */ = {isa = PBXBuildFile; fileRef = 611637902934CA7A000B2443 /* URLPath.swift */; };
		611637932934CA82000B2443 /* Endpoints.swift in Sources */ = {isa = PBXBuildFile; fileRef = 611637922934CA82000B2443 /* Endpoints.swift */; };
		611637962934CB34000B2443 /* API.swift in Sources */ = {isa = PBXBuildFile; fileRef = 611637952934CB34000B2443 /* API.swift */; };
		6116379A2934DD48000B2443 /* InputModel.swift in Sources */ = {isa = PBXBuildFile; fileRef = 611637992934DD48000B2443 /* InputModel.swift */; };
		6116379C2934DD4D000B2443 /* ResponeModel.swift in Sources */ = {isa = PBXBuildFile; fileRef = 6116379B2934DD4D000B2443 /* ResponeModel.swift */; };
		6116379F2934E2F3000B2443 /* ChooseServicesView.swift in Sources */ = {isa = PBXBuildFile; fileRef = 6116379E2934E2F3000B2443 /* ChooseServicesView.swift */; };
		611637A12934E2FA000B2443 /* ChooseServicesViewModel.swift in Sources */ = {isa = PBXBuildFile; fileRef = 611637A02934E2FA000B2443 /* ChooseServicesViewModel.swift */; };
		611637A72934FF95000B2443 /* ChooseNumberOfNightsView.swift in Sources */ = {isa = PBXBuildFile; fileRef = 611637A62934FF95000B2443 /* ChooseNumberOfNightsView.swift */; };
		611637A92934FF9F000B2443 /* ChooseNumberOfNightsViewModel.swift in Sources */ = {isa = PBXBuildFile; fileRef = 611637A82934FF9F000B2443 /* ChooseNumberOfNightsViewModel.swift */; };
		611637AE293521EF000B2443 /* Animal.swift in Sources */ = {isa = PBXBuildFile; fileRef = 611637AD293521EF000B2443 /* Animal.swift */; };
		611637CA293553B6000B2443 /* AnimalEnvironmentObject.swift in Sources */ = {isa = PBXBuildFile; fileRef = 611637C9293553B6000B2443 /* AnimalEnvironmentObject.swift */; };
		611637CC29363D7B000B2443 /* CalculatePriceRepository.swift in Sources */ = {isa = PBXBuildFile; fileRef = 611637CB29363D7B000B2443 /* CalculatePriceRepository.swift */; };
		611637CE2936453E000B2443 /* VisualPicker.swift in Sources */ = {isa = PBXBuildFile; fileRef = 611637CD2936453E000B2443 /* VisualPicker.swift */; };
		611637D129364568000B2443 /* DaysHotelPicker.swift in Sources */ = {isa = PBXBuildFile; fileRef = 611637D029364568000B2443 /* DaysHotelPicker.swift */; };
/* End PBXBuildFile section */

/* Begin PBXFileReference section */
		611637702934B9FE000B2443 /* Puppy-Challenge.app */ = {isa = PBXFileReference; explicitFileType = wrapper.application; includeInIndex = 0; path = "Puppy-Challenge.app"; sourceTree = BUILT_PRODUCTS_DIR; };
		611637732934B9FE000B2443 /* Puppy_ChallengeApp.swift */ = {isa = PBXFileReference; lastKnownFileType = sourcecode.swift; path = Puppy_ChallengeApp.swift; sourceTree = "<group>"; };
		611637772934B9FF000B2443 /* Assets.xcassets */ = {isa = PBXFileReference; lastKnownFileType = folder.assetcatalog; path = Assets.xcassets; sourceTree = "<group>"; };
		6116377A2934B9FF000B2443 /* Preview Assets.xcassets */ = {isa = PBXFileReference; lastKnownFileType = folder.assetcatalog; path = "Preview Assets.xcassets"; sourceTree = "<group>"; };
		611637812934C744000B2443 /* ChooseAnimalView.swift */ = {isa = PBXFileReference; lastKnownFileType = sourcecode.swift; path = ChooseAnimalView.swift; sourceTree = "<group>"; };
		611637852934C75C000B2443 /* ChooseAnimalViewModel.swift */ = {isa = PBXFileReference; lastKnownFileType = sourcecode.swift; path = ChooseAnimalViewModel.swift; sourceTree = "<group>"; };
		6116378C2934CA62000B2443 /* ServerRequest.swift */ = {isa = PBXFileReference; lastKnownFileType = sourcecode.swift; path = ServerRequest.swift; sourceTree = "<group>"; };
		6116378E2934CA6F000B2443 /* HTTPRequest.swift */ = {isa = PBXFileReference; lastKnownFileType = sourcecode.swift; path = HTTPRequest.swift; sourceTree = "<group>"; };
		611637902934CA7A000B2443 /* URLPath.swift */ = {isa = PBXFileReference; lastKnownFileType = sourcecode.swift; path = URLPath.swift; sourceTree = "<group>"; };
		611637922934CA82000B2443 /* Endpoints.swift */ = {isa = PBXFileReference; lastKnownFileType = sourcecode.swift; path = Endpoints.swift; sourceTree = "<group>"; };
		611637952934CB34000B2443 /* API.swift */ = {isa = PBXFileReference; lastKnownFileType = sourcecode.swift; path = API.swift; sourceTree = "<group>"; };
		611637992934DD48000B2443 /* InputModel.swift */ = {isa = PBXFileReference; lastKnownFileType = sourcecode.swift; path = InputModel.swift; sourceTree = "<group>"; };
		6116379B2934DD4D000B2443 /* ResponeModel.swift */ = {isa = PBXFileReference; lastKnownFileType = sourcecode.swift; path = ResponeModel.swift; sourceTree = "<group>"; };
		6116379E2934E2F3000B2443 /* ChooseServicesView.swift */ = {isa = PBXFileReference; lastKnownFileType = sourcecode.swift; path = ChooseServicesView.swift; sourceTree = "<group>"; };
		611637A02934E2FA000B2443 /* ChooseServicesViewModel.swift */ = {isa = PBXFileReference; lastKnownFileType = sourcecode.swift; path = ChooseServicesViewModel.swift; sourceTree = "<group>"; };
		611637A62934FF95000B2443 /* ChooseNumberOfNightsView.swift */ = {isa = PBXFileReference; lastKnownFileType = sourcecode.swift; path = ChooseNumberOfNightsView.swift; sourceTree = "<group>"; };
		611637A82934FF9F000B2443 /* ChooseNumberOfNightsViewModel.swift */ = {isa = PBXFileReference; lastKnownFileType = sourcecode.swift; path = ChooseNumberOfNightsViewModel.swift; sourceTree = "<group>"; };
		611637AD293521EF000B2443 /* Animal.swift */ = {isa = PBXFileReference; lastKnownFileType = sourcecode.swift; path = Animal.swift; sourceTree = "<group>"; };
		611637C9293553B6000B2443 /* AnimalEnvironmentObject.swift */ = {isa = PBXFileReference; lastKnownFileType = sourcecode.swift; path = AnimalEnvironmentObject.swift; sourceTree = "<group>"; };
		611637CB29363D7B000B2443 /* CalculatePriceRepository.swift */ = {isa = PBXFileReference; lastKnownFileType = sourcecode.swift; path = CalculatePriceRepository.swift; sourceTree = "<group>"; };
		611637CD2936453E000B2443 /* VisualPicker.swift */ = {isa = PBXFileReference; lastKnownFileType = sourcecode.swift; path = VisualPicker.swift; sourceTree = "<group>"; };
		611637D029364568000B2443 /* DaysHotelPicker.swift */ = {isa = PBXFileReference; lastKnownFileType = sourcecode.swift; path = DaysHotelPicker.swift; sourceTree = "<group>"; };
/* End PBXFileReference section */

/* Begin PBXFrameworksBuildPhase section */
		6116376D2934B9FE000B2443 /* Frameworks */ = {
			isa = PBXFrameworksBuildPhase;
			buildActionMask = 2147483647;
			files = (
				6116378B2934CA09000B2443 /* Networking in Frameworks */,
			);
			runOnlyForDeploymentPostprocessing = 0;
		};
/* End PBXFrameworksBuildPhase section */

/* Begin PBXGroup section */
		611637672934B9FE000B2443 = {
			isa = PBXGroup;
			children = (
				611637722934B9FE000B2443 /* Puppy-Challenge */,
				611637712934B9FE000B2443 /* Products */,
			);
			sourceTree = "<group>";
		};
		611637712934B9FE000B2443 /* Products */ = {
			isa = PBXGroup;
			children = (
				611637702934B9FE000B2443 /* Puppy-Challenge.app */,
			);
			name = Products;
			sourceTree = "<group>";
		};
		611637722934B9FE000B2443 /* Puppy-Challenge */ = {
			isa = PBXGroup;
			children = (
				611637732934B9FE000B2443 /* Puppy_ChallengeApp.swift */,
				611637D22936464A000B2443 /* Price Calculator */,
				611637CF2936455B000B2443 /* UIComponents */,
				611637942934CA91000B2443 /* Network */,
				6116379D2934DD6A000B2443 /* Models */,
				611637A52934E308000B2443 /* Modules */,
				611637772934B9FF000B2443 /* Assets.xcassets */,
				611637792934B9FF000B2443 /* Preview Content */,
			);
			path = "Puppy-Challenge";
			sourceTree = "<group>";
		};
		611637792934B9FF000B2443 /* Preview Content */ = {
			isa = PBXGroup;
			children = (
				6116377A2934B9FF000B2443 /* Preview Assets.xcassets */,
			);
			path = "Preview Content";
			sourceTree = "<group>";
		};
		611637842934C74D000B2443 /* ChooseAnimal */ = {
			isa = PBXGroup;
			children = (
				611637812934C744000B2443 /* ChooseAnimalView.swift */,
				611637852934C75C000B2443 /* ChooseAnimalViewModel.swift */,
			);
			path = ChooseAnimal;
			sourceTree = "<group>";
		};
		611637942934CA91000B2443 /* Network */ = {
			isa = PBXGroup;
			children = (
				6116378C2934CA62000B2443 /* ServerRequest.swift */,
				611637952934CB34000B2443 /* API.swift */,
				6116378E2934CA6F000B2443 /* HTTPRequest.swift */,
				611637902934CA7A000B2443 /* URLPath.swift */,
				611637922934CA82000B2443 /* Endpoints.swift */,
			);
			path = Network;
			sourceTree = "<group>";
		};
		6116379D2934DD6A000B2443 /* Models */ = {
			isa = PBXGroup;
			children = (
				611637AD293521EF000B2443 /* Animal.swift */,
				611637C9293553B6000B2443 /* AnimalEnvironmentObject.swift */,
				611637992934DD48000B2443 /* InputModel.swift */,
				6116379B2934DD4D000B2443 /* ResponeModel.swift */,
			);
			path = Models;
			sourceTree = "<group>";
		};
		611637A42934E301000B2443 /* ChooseServices */ = {
			isa = PBXGroup;
			children = (
				6116379E2934E2F3000B2443 /* ChooseServicesView.swift */,
				611637A02934E2FA000B2443 /* ChooseServicesViewModel.swift */,
			);
			path = ChooseServices;
			sourceTree = "<group>";
		};
		611637A52934E308000B2443 /* Modules */ = {
			isa = PBXGroup;
			children = (
				611637842934C74D000B2443 /* ChooseAnimal */,
				611637A42934E301000B2443 /* ChooseServices */,
				611637AC2934FFB0000B2443 /* ChooseNumberOfNights */,
			);
			path = Modules;
			sourceTree = "<group>";
		};
		611637AC2934FFB0000B2443 /* ChooseNumberOfNights */ = {
			isa = PBXGroup;
			children = (
				611637A62934FF95000B2443 /* ChooseNumberOfNightsView.swift */,
				611637A82934FF9F000B2443 /* ChooseNumberOfNightsViewModel.swift */,
			);
			path = ChooseNumberOfNights;
			sourceTree = "<group>";
		};
		611637CF2936455B000B2443 /* UIComponents */ = {
			isa = PBXGroup;
			children = (
				611637CD2936453E000B2443 /* VisualPicker.swift */,
				611637D029364568000B2443 /* DaysHotelPicker.swift */,
			);
			path = UIComponents;
			sourceTree = "<group>";
		};
		611637D22936464A000B2443 /* Price Calculator */ = {
			isa = PBXGroup;
			children = (
				611637CB29363D7B000B2443 /* CalculatePriceRepository.swift */,
			);
			path = "Price Calculator";
			sourceTree = "<group>";
		};
/* End PBXGroup section */

/* Begin PBXNativeTarget section */
		6116376F2934B9FE000B2443 /* Puppy-Challenge */ = {
			isa = PBXNativeTarget;
			buildConfigurationList = 6116377E2934B9FF000B2443 /* Build configuration list for PBXNativeTarget "Puppy-Challenge" */;
			buildPhases = (
				6116376C2934B9FE000B2443 /* Sources */,
				6116376D2934B9FE000B2443 /* Frameworks */,
				6116376E2934B9FE000B2443 /* Resources */,
			);
			buildRules = (
			);
			dependencies = (
			);
			name = "Puppy-Challenge";
			packageProductDependencies = (
				6116378A2934CA09000B2443 /* Networking */,
			);
			productName = "Puppy-Challenge";
			productReference = 611637702934B9FE000B2443 /* Puppy-Challenge.app */;
			productType = "com.apple.product-type.application";
		};
/* End PBXNativeTarget section */

/* Begin PBXProject section */
		611637682934B9FE000B2443 /* Project object */ = {
			isa = PBXProject;
			attributes = {
				BuildIndependentTargetsInParallel = 1;
				LastSwiftUpdateCheck = 1400;
				LastUpgradeCheck = 1400;
				TargetAttributes = {
					6116376F2934B9FE000B2443 = {
						CreatedOnToolsVersion = 14.0.1;
					};
				};
			};
			buildConfigurationList = 6116376B2934B9FE000B2443 /* Build configuration list for PBXProject "Puppy-Challenge" */;
			compatibilityVersion = "Xcode 14.0";
			developmentRegion = en;
			hasScannedForEncodings = 0;
			knownRegions = (
				en,
				Base,
			);
			mainGroup = 611637672934B9FE000B2443;
			packageReferences = (
				611637892934CA09000B2443 /* XCRemoteSwiftPackageReference "Networking" */,
			);
			productRefGroup = 611637712934B9FE000B2443 /* Products */;
			projectDirPath = "";
			projectRoot = "";
			targets = (
				6116376F2934B9FE000B2443 /* Puppy-Challenge */,
			);
		};
/* End PBXProject section */

/* Begin PBXResourcesBuildPhase section */
		6116376E2934B9FE000B2443 /* Resources */ = {
			isa = PBXResourcesBuildPhase;
			buildActionMask = 2147483647;
			files = (
				6116377B2934B9FF000B2443 /* Preview Assets.xcassets in Resources */,
				611637782934B9FF000B2443 /* Assets.xcassets in Resources */,
			);
			runOnlyForDeploymentPostprocessing = 0;
		};
/* End PBXResourcesBuildPhase section */

/* Begin PBXSourcesBuildPhase section */
		6116376C2934B9FE000B2443 /* Sources */ = {
			isa = PBXSourcesBuildPhase;
			buildActionMask = 2147483647;
			files = (
				611637D129364568000B2443 /* DaysHotelPicker.swift in Sources */,
				611637862934C75C000B2443 /* ChooseAnimalViewModel.swift in Sources */,
				611637CE2936453E000B2443 /* VisualPicker.swift in Sources */,
				611637912934CA7B000B2443 /* URLPath.swift in Sources */,
				6116378D2934CA62000B2443 /* ServerRequest.swift in Sources */,
				611637A12934E2FA000B2443 /* ChooseServicesViewModel.swift in Sources */,
				6116379A2934DD48000B2443 /* InputModel.swift in Sources */,
				611637A92934FF9F000B2443 /* ChooseNumberOfNightsViewModel.swift in Sources */,
				611637CA293553B6000B2443 /* AnimalEnvironmentObject.swift in Sources */,
				6116378F2934CA6F000B2443 /* HTTPRequest.swift in Sources */,
				6116379C2934DD4D000B2443 /* ResponeModel.swift in Sources */,
				611637A72934FF95000B2443 /* ChooseNumberOfNightsView.swift in Sources */,
				611637822934C744000B2443 /* ChooseAnimalView.swift in Sources */,
				611637932934CA82000B2443 /* Endpoints.swift in Sources */,
				611637962934CB34000B2443 /* API.swift in Sources */,
				611637742934B9FE000B2443 /* Puppy_ChallengeApp.swift in Sources */,
				6116379F2934E2F3000B2443 /* ChooseServicesView.swift in Sources */,
				611637CC29363D7B000B2443 /* CalculatePriceRepository.swift in Sources */,
				611637AE293521EF000B2443 /* Animal.swift in Sources */,
			);
			runOnlyForDeploymentPostprocessing = 0;
		};
/* End PBXSourcesBuildPhase section */

/* Begin XCBuildConfiguration section */
		6116377C2934B9FF000B2443 /* Debug */ = {
			isa = XCBuildConfiguration;
			buildSettings = {
				ALWAYS_SEARCH_USER_PATHS = NO;
				CLANG_ANALYZER_NONNULL = YES;
				CLANG_ANALYZER_NUMBER_OBJECT_CONVERSION = YES_AGGRESSIVE;
				CLANG_CXX_LANGUAGE_STANDARD = "gnu++20";
				CLANG_ENABLE_MODULES = YES;
				CLANG_ENABLE_OBJC_ARC = YES;
				CLANG_ENABLE_OBJC_WEAK = YES;
				CLANG_WARN_BLOCK_CAPTURE_AUTORELEASING = YES;
				CLANG_WARN_BOOL_CONVERSION = YES;
				CLANG_WARN_COMMA = YES;
				CLANG_WARN_CONSTANT_CONVERSION = YES;
				CLANG_WARN_DEPRECATED_OBJC_IMPLEMENTATIONS = YES;
				CLANG_WARN_DIRECT_OBJC_ISA_USAGE = YES_ERROR;
				CLANG_WARN_DOCUMENTATION_COMMENTS = YES;
				CLANG_WARN_EMPTY_BODY = YES;
				CLANG_WARN_ENUM_CONVERSION = YES;
				CLANG_WARN_INFINITE_RECURSION = YES;
				CLANG_WARN_INT_CONVERSION = YES;
				CLANG_WARN_NON_LITERAL_NULL_CONVERSION = YES;
				CLANG_WARN_OBJC_IMPLICIT_RETAIN_SELF = YES;
				CLANG_WARN_OBJC_LITERAL_CONVERSION = YES;
				CLANG_WARN_OBJC_ROOT_CLASS = YES_ERROR;
				CLANG_WARN_QUOTED_INCLUDE_IN_FRAMEWORK_HEADER = YES;
				CLANG_WARN_RANGE_LOOP_ANALYSIS = YES;
				CLANG_WARN_STRICT_PROTOTYPES = YES;
				CLANG_WARN_SUSPICIOUS_MOVE = YES;
				CLANG_WARN_UNGUARDED_AVAILABILITY = YES_AGGRESSIVE;
				CLANG_WARN_UNREACHABLE_CODE = YES;
				CLANG_WARN__DUPLICATE_METHOD_MATCH = YES;
				COPY_PHASE_STRIP = NO;
				DEBUG_INFORMATION_FORMAT = dwarf;
				ENABLE_STRICT_OBJC_MSGSEND = YES;
				ENABLE_TESTABILITY = YES;
				GCC_C_LANGUAGE_STANDARD = gnu11;
				GCC_DYNAMIC_NO_PIC = NO;
				GCC_NO_COMMON_BLOCKS = YES;
				GCC_OPTIMIZATION_LEVEL = 0;
				GCC_PREPROCESSOR_DEFINITIONS = (
					"DEBUG=1",
					"$(inherited)",
				);
				GCC_WARN_64_TO_32_BIT_CONVERSION = YES;
				GCC_WARN_ABOUT_RETURN_TYPE = YES_ERROR;
				GCC_WARN_UNDECLARED_SELECTOR = YES;
				GCC_WARN_UNINITIALIZED_AUTOS = YES_AGGRESSIVE;
				GCC_WARN_UNUSED_FUNCTION = YES;
				GCC_WARN_UNUSED_VARIABLE = YES;
				IPHONEOS_DEPLOYMENT_TARGET = 16.0;
				MTL_ENABLE_DEBUG_INFO = INCLUDE_SOURCE;
				MTL_FAST_MATH = YES;
				ONLY_ACTIVE_ARCH = YES;
				SDKROOT = iphoneos;
				SWIFT_ACTIVE_COMPILATION_CONDITIONS = DEBUG;
				SWIFT_OPTIMIZATION_LEVEL = "-Onone";
			};
			name = Debug;
		};
		6116377D2934B9FF000B2443 /* Release */ = {
			isa = XCBuildConfiguration;
			buildSettings = {
				ALWAYS_SEARCH_USER_PATHS = NO;
				CLANG_ANALYZER_NONNULL = YES;
				CLANG_ANALYZER_NUMBER_OBJECT_CONVERSION = YES_AGGRESSIVE;
				CLANG_CXX_LANGUAGE_STANDARD = "gnu++20";
				CLANG_ENABLE_MODULES = YES;
				CLANG_ENABLE_OBJC_ARC = YES;
				CLANG_ENABLE_OBJC_WEAK = YES;
				CLANG_WARN_BLOCK_CAPTURE_AUTORELEASING = YES;
				CLANG_WARN_BOOL_CONVERSION = YES;
				CLANG_WARN_COMMA = YES;
				CLANG_WARN_CONSTANT_CONVERSION = YES;
				CLANG_WARN_DEPRECATED_OBJC_IMPLEMENTATIONS = YES;
				CLANG_WARN_DIRECT_OBJC_ISA_USAGE = YES_ERROR;
				CLANG_WARN_DOCUMENTATION_COMMENTS = YES;
				CLANG_WARN_EMPTY_BODY = YES;
				CLANG_WARN_ENUM_CONVERSION = YES;
				CLANG_WARN_INFINITE_RECURSION = YES;
				CLANG_WARN_INT_CONVERSION = YES;
				CLANG_WARN_NON_LITERAL_NULL_CONVERSION = YES;
				CLANG_WARN_OBJC_IMPLICIT_RETAIN_SELF = YES;
				CLANG_WARN_OBJC_LITERAL_CONVERSION = YES;
				CLANG_WARN_OBJC_ROOT_CLASS = YES_ERROR;
				CLANG_WARN_QUOTED_INCLUDE_IN_FRAMEWORK_HEADER = YES;
				CLANG_WARN_RANGE_LOOP_ANALYSIS = YES;
				CLANG_WARN_STRICT_PROTOTYPES = YES;
				CLANG_WARN_SUSPICIOUS_MOVE = YES;
				CLANG_WARN_UNGUARDED_AVAILABILITY = YES_AGGRESSIVE;
				CLANG_WARN_UNREACHABLE_CODE = YES;
				CLANG_WARN__DUPLICATE_METHOD_MATCH = YES;
				COPY_PHASE_STRIP = NO;
				DEBUG_INFORMATION_FORMAT = "dwarf-with-dsym";
				ENABLE_NS_ASSERTIONS = NO;
				ENABLE_STRICT_OBJC_MSGSEND = YES;
				GCC_C_LANGUAGE_STANDARD = gnu11;
				GCC_NO_COMMON_BLOCKS = YES;
				GCC_WARN_64_TO_32_BIT_CONVERSION = YES;
				GCC_WARN_ABOUT_RETURN_TYPE = YES_ERROR;
				GCC_WARN_UNDECLARED_SELECTOR = YES;
				GCC_WARN_UNINITIALIZED_AUTOS = YES_AGGRESSIVE;
				GCC_WARN_UNUSED_FUNCTION = YES;
				GCC_WARN_UNUSED_VARIABLE = YES;
				IPHONEOS_DEPLOYMENT_TARGET = 16.0;
				MTL_ENABLE_DEBUG_INFO = NO;
				MTL_FAST_MATH = YES;
				SDKROOT = iphoneos;
				SWIFT_COMPILATION_MODE = wholemodule;
				SWIFT_OPTIMIZATION_LEVEL = "-O";
				VALIDATE_PRODUCT = YES;
			};
			name = Release;
		};
		6116377F2934B9FF000B2443 /* Debug */ = {
			isa = XCBuildConfiguration;
			buildSettings = {
				ASSETCATALOG_COMPILER_APPICON_NAME = AppIcon;
				ASSETCATALOG_COMPILER_GLOBAL_ACCENT_COLOR_NAME = AccentColor;
				CODE_SIGN_STYLE = Automatic;
				CURRENT_PROJECT_VERSION = 1;
				DEVELOPMENT_ASSET_PATHS = "\"Puppy-Challenge/Preview Content\"";
				DEVELOPMENT_TEAM = G7W2JU7KHV;
				ENABLE_PREVIEWS = YES;
				GENERATE_INFOPLIST_FILE = YES;
				INFOPLIST_KEY_UIApplicationSceneManifest_Generation = YES;
				INFOPLIST_KEY_UIApplicationSupportsIndirectInputEvents = YES;
				INFOPLIST_KEY_UILaunchScreen_Generation = YES;
				INFOPLIST_KEY_UISupportedInterfaceOrientations_iPad = "UIInterfaceOrientationPortrait UIInterfaceOrientationPortraitUpsideDown UIInterfaceOrientationLandscapeLeft UIInterfaceOrientationLandscapeRight";
				INFOPLIST_KEY_UISupportedInterfaceOrientations_iPhone = "UIInterfaceOrientationPortrait UIInterfaceOrientationLandscapeLeft UIInterfaceOrientationLandscapeRight";
				LD_RUNPATH_SEARCH_PATHS = (
					"$(inherited)",
					"@executable_path/Frameworks",
				);
				MARKETING_VERSION = 1.0;
				PRODUCT_BUNDLE_IDENTIFIER = "com.mobinjt.Puppy-Challenge";
				PRODUCT_NAME = "$(TARGET_NAME)";
				SWIFT_EMIT_LOC_STRINGS = YES;
				SWIFT_VERSION = 5.0;
				TARGETED_DEVICE_FAMILY = "1,2";
			};
			name = Debug;
		};
		611637802934B9FF000B2443 /* Release */ = {
			isa = XCBuildConfiguration;
			buildSettings = {
				ASSETCATALOG_COMPILER_APPICON_NAME = AppIcon;
				ASSETCATALOG_COMPILER_GLOBAL_ACCENT_COLOR_NAME = AccentColor;
				CODE_SIGN_STYLE = Automatic;
				CURRENT_PROJECT_VERSION = 1;
				DEVELOPMENT_ASSET_PATHS = "\"Puppy-Challenge/Preview Content\"";
				DEVELOPMENT_TEAM = G7W2JU7KHV;
				ENABLE_PREVIEWS = YES;
				GENERATE_INFOPLIST_FILE = YES;
				INFOPLIST_KEY_UIApplicationSceneManifest_Generation = YES;
				INFOPLIST_KEY_UIApplicationSupportsIndirectInputEvents = YES;
				INFOPLIST_KEY_UILaunchScreen_Generation = YES;
				INFOPLIST_KEY_UISupportedInterfaceOrientations_iPad = "UIInterfaceOrientationPortrait UIInterfaceOrientationPortraitUpsideDown UIInterfaceOrientationLandscapeLeft UIInterfaceOrientationLandscapeRight";
				INFOPLIST_KEY_UISupportedInterfaceOrientations_iPhone = "UIInterfaceOrientationPortrait UIInterfaceOrientationLandscapeLeft UIInterfaceOrientationLandscapeRight";
				LD_RUNPATH_SEARCH_PATHS = (
					"$(inherited)",
					"@executable_path/Frameworks",
				);
				MARKETING_VERSION = 1.0;
				PRODUCT_BUNDLE_IDENTIFIER = "com.mobinjt.Puppy-Challenge";
				PRODUCT_NAME = "$(TARGET_NAME)";
				SWIFT_EMIT_LOC_STRINGS = YES;
				SWIFT_VERSION = 5.0;
				TARGETED_DEVICE_FAMILY = "1,2";
			};
			name = Release;
		};
/* End XCBuildConfiguration section */

/* Begin XCConfigurationList section */
		6116376B2934B9FE000B2443 /* Build configuration list for PBXProject "Puppy-Challenge" */ = {
			isa = XCConfigurationList;
			buildConfigurations = (
				6116377C2934B9FF000B2443 /* Debug */,
				6116377D2934B9FF000B2443 /* Release */,
			);
			defaultConfigurationIsVisible = 0;
			defaultConfigurationName = Release;
		};
		6116377E2934B9FF000B2443 /* Build configuration list for PBXNativeTarget "Puppy-Challenge" */ = {
			isa = XCConfigurationList;
			buildConfigurations = (
				6116377F2934B9FF000B2443 /* Debug */,
				611637802934B9FF000B2443 /* Release */,
			);
			defaultConfigurationIsVisible = 0;
			defaultConfigurationName = Release;
		};
/* End XCConfigurationList section */

/* Begin XCRemoteSwiftPackageReference section */
		611637892934CA09000B2443 /* XCRemoteSwiftPackageReference "Networking" */ = {
			isa = XCRemoteSwiftPackageReference;
			repositoryURL = "https://github.com/sadeghgoo/Networking.git";
			requirement = {
				branch = main;
				kind = branch;
			};
		};
/* End XCRemoteSwiftPackageReference section */

/* Begin XCSwiftPackageProductDependency section */
		6116378A2934CA09000B2443 /* Networking */ = {
			isa = XCSwiftPackageProductDependency;
			package = 611637892934CA09000B2443 /* XCRemoteSwiftPackageReference "Networking" */;
			productName = Networking;
		};
/* End XCSwiftPackageProductDependency section */
	};
	rootObject = 611637682934B9FE000B2443 /* Project object */;
}
